
Microsoft Visual Studio Solution File, Format Version 12.00
# Visual Studio Version 16
VisualStudioVersion = 16.0.30804.86
MinimumVisualStudioVersion = 10.0.40219.1
Project("{FAE04EC0-301F-11D3-BF4B-00C04F79EFBC}") = "BridgeDesignPattern", "BridgeDesignPattern\BridgeDesignPattern.csproj", "{F3490D59-9D18-49FF-8AE2-14F1F6230A8C}"
EndProject
Global
	GlobalSection(SolutionConfigurationPlatforms) = preSolution
		Debug|Any CPU = Debug|Any CPU
		Release|Any CPU = Release|Any CPU
	EndGlobalSection
	GlobalSection(ProjectConfigurationPlatforms) = postSolution
		{F3490D59-9D18-49FF-8AE2-14F1F6230A8C}.Debug|Any CPU.ActiveCfg = Debug|Any CPU
		{F3490D59-9D18-49FF-8AE2-14F1F6230A8C}.Debug|Any CPU.Build.0 = Debug|Any CPU
		{F3490D59-9D18-49FF-8AE2-14F1F6230A8C}.Release|Any CPU.ActiveCfg = Release|Any CPU
		{F3490D59-9D18-49FF-8AE2-14F1F6230A8C}.Release|Any CPU.Build.0 = Release|Any CPU
	EndGlobalSection
	GlobalSection(SolutionProperties) = preSolution
		HideSolutionNode = FALSE
	EndGlobalSection
	GlobalSection(ExtensibilityGlobals) = postSolution
		SolutionGuid = {9046A949-A5DA-4CA4-ACCE-A88F250694C0}
	EndGlobalSection
EndGlobal
